{
  "lockfile_version": "1",
  "packages": {
    "elmPackages.elm-doc-preview@latest": {
      "last_modified": "2025-07-28T17:09:23Z",
      "resolved": "github:NixOS/nixpkgs/648f70160c03151bc2121d179291337ad6bc564b#elmPackages.elm-doc-preview",
      "source": "devbox-search",
      "version": "6.0.1",
      "systems": {
        "aarch64-darwin": {
          "outputs": [
            {
              "name": "out",
              "path": "/nix/store/2fsh47kh7q1x8cqjyj2i8pjza89cv9nr-elm-doc-preview-6.0.1",
              "default": true
            }
          ],
          "store_path": "/nix/store/2fsh47kh7q1x8cqjyj2i8pjza89cv9nr-elm-doc-preview-6.0.1"
        },
        "aarch64-linux": {
          "outputs": [
            {
              "name": "out",
              "path": "/nix/store/iyz6pjp73y7mly6vl9yj95km4hsk4siv-elm-doc-preview-6.0.1",
              "default": true
            }
          ],
          "store_path": "/nix/store/iyz6pjp73y7mly6vl9yj95km4hsk4siv-elm-doc-preview-6.0.1"
        },
        "x86_64-darwin": {
          "outputs": [
            {
              "name": "out",
              "path": "/nix/store/3rm65ppcg4nass4yp5rcnhfa8s846cln-elm-doc-preview-6.0.1",
              "default": true
            }
          ],
          "store_path": "/nix/store/3rm65ppcg4nass4yp5rcnhfa8s846cln-elm-doc-preview-6.0.1"
        },
        "x86_64-linux": {
          "outputs": [
            {
              "name": "out",
              "path": "/nix/store/vlwi68vjpzihrpdbb0wxyps4qsawid9y-elm-doc-preview-6.0.1",
              "default": true
            }
          ],
          "store_path": "/nix/store/vlwi68vjpzihrpdbb0wxyps4qsawid9y-elm-doc-preview-6.0.1"
        }
      }
    },
    "elmPackages.elm-format@latest": {
      "last_modified": "2025-07-28T17:09:23Z",
      "resolved": "github:NixOS/nixpkgs/648f70160c03151bc2121d179291337ad6bc564b#elmPackages.elm-format",
      "source": "devbox-search",
      "version": "0.8.8",
      "systems": {
        "aarch64-darwin": {
          "outputs": [
            {
              "name": "out",
              "path": "/nix/store/rw10mnbpsbf8kdd0kacii6y25h776hcn-elm-format-0.8.8",
              "default": true
            }
          ],
          "store_path": "/nix/store/rw10mnbpsbf8kdd0kacii6y25h776hcn-elm-format-0.8.8"
        },
        "aarch64-linux": {
          "outputs": [
            {
              "name": "out",
              "path": "/nix/store/azvkdgzjmhgmy960fayca0c6rs49q8i1-elm-format-0.8.8",
              "default": true
            }
          ],
          "store_path": "/nix/store/azvkdgzjmhgmy960fayca0c6rs49q8i1-elm-format-0.8.8"
        },
        "x86_64-darwin": {
          "outputs": [
            {
              "name": "out",
              "path": "/nix/store/gxlrmi9wvax97r9r4sr7i4kwbc22ipfr-elm-format-0.8.8",
              "default": true
            }
          ],
          "store_path": "/nix/store/gxlrmi9wvax97r9r4sr7i4kwbc22ipfr-elm-format-0.8.8"
        },
        "x86_64-linux": {
          "outputs": [
            {
              "name": "out",
              "path": "/nix/store/b50ahqhbyv5d932l5fdswprr5sj57jxh-elm-format-0.8.8",
              "default": true
            }
          ],
          "store_path": "/nix/store/b50ahqhbyv5d932l5fdswprr5sj57jxh-elm-format-0.8.8"
        }
      }
    },
    "elmPackages.elm-live@latest": {
      "last_modified": "2025-07-28T17:09:23Z",
      "resolved": "github:NixOS/nixpkgs/648f70160c03151bc2121d179291337ad6bc564b#elmPackages.elm-live",
      "source": "devbox-search",
      "version": "4.0.2",
      "systems": {
        "aarch64-darwin": {
          "outputs": [
            {
              "name": "out",
              "path": "/nix/store/nzvhv5dnm772yc1napvl5jjj49x0f15c-elm-live-4.0.2",
              "default": true
            }
          ],
          "store_path": "/nix/store/nzvhv5dnm772yc1napvl5jjj49x0f15c-elm-live-4.0.2"
        },
        "aarch64-linux": {
          "outputs": [
            {
              "name": "out",
              "path": "/nix/store/wzn6mbfn1krkmnjg5vq4ns8pm7rxhjrr-elm-live-4.0.2",
              "default": true
            }
          ],
          "store_path": "/nix/store/wzn6mbfn1krkmnjg5vq4ns8pm7rxhjrr-elm-live-4.0.2"
        },
        "x86_64-darwin": {
          "outputs": [
            {
              "name": "out",
              "path": "/nix/store/ky59mrfadb754ydjgzgx3x9a6r7vwq1v-elm-live-4.0.2",
              "default": true
            }
          ],
          "store_path": "/nix/store/ky59mrfadb754ydjgzgx3x9a6r7vwq1v-elm-live-4.0.2"
        },
        "x86_64-linux": {
          "outputs": [
            {
              "name": "out",
              "path": "/nix/store/46k7i81ih0cdpqarlmcj8snm9072m46k-elm-live-4.0.2",
              "default": true
            }
          ],
          "store_path": "/nix/store/46k7i81ih0cdpqarlmcj8snm9072m46k-elm-live-4.0.2"
        }
      }
    },
    "elmPackages.elm-test@latest": {
      "last_modified": "2025-07-28T17:09:23Z",
      "resolved": "github:NixOS/nixpkgs/648f70160c03151bc2121d179291337ad6bc564b#elmPackages.elm-test",
      "source": "devbox-search",
      "version": "0.19.1-revision16",
      "systems": {
        "aarch64-darwin": {
          "outputs": [
            {
              "name": "out",
              "path": "/nix/store/q8q6hkyyir0vvxwxcv16sg13zf11gn6v-elm-test-0.19.1-revision16",
              "default": true
            }
          ],
          "store_path": "/nix/store/q8q6hkyyir0vvxwxcv16sg13zf11gn6v-elm-test-0.19.1-revision16"
        },
        "aarch64-linux": {
          "outputs": [
            {
              "name": "out",
              "path": "/nix/store/27jwc1gzxn32bwx72rgr64x7pvz1y7xa-elm-test-0.19.1-revision16",
              "default": true
            }
          ],
          "store_path": "/nix/store/27jwc1gzxn32bwx72rgr64x7pvz1y7xa-elm-test-0.19.1-revision16"
        },
        "x86_64-darwin": {
          "outputs": [
            {
              "name": "out",
              "path": "/nix/store/6wj44c20rpxd5kd3am4s9yyb2bjb5c59-elm-test-0.19.1-revision16",
              "default": true
            }
          ],
          "store_path": "/nix/store/6wj44c20rpxd5kd3am4s9yyb2bjb5c59-elm-test-0.19.1-revision16"
        },
        "x86_64-linux": {
          "outputs": [
            {
              "name": "out",
              "path": "/nix/store/rm55im4zr3xwzvjkcmxvnyxnkmim0lr3-elm-test-0.19.1-revision16",
              "default": true
            }
          ],
          "store_path": "/nix/store/rm55im4zr3xwzvjkcmxvnyxnkmim0lr3-elm-test-0.19.1-revision16"
        }
      }
    },
    "elmPackages.elm@latest": {
      "last_modified": "2025-07-28T17:09:23Z",
      "resolved": "github:NixOS/nixpkgs/648f70160c03151bc2121d179291337ad6bc564b#elmPackages.elm",
      "source": "devbox-search",
      "version": "0.19.1",
      "systems": {
        "aarch64-darwin": {
          "outputs": [
            {
              "name": "out",
              "path": "/nix/store/6hx8g6k7ihgaqvy1i0ydiy7v13s04pf4-elm-0.19.1",
              "default": true
            },
            {
              "name": "doc",
              "path": "/nix/store/m9d4xkh42f49i5gyiq4vgrxhwnkqq6rg-elm-0.19.1-doc"
            }
          ],
          "store_path": "/nix/store/6hx8g6k7ihgaqvy1i0ydiy7v13s04pf4-elm-0.19.1"
        },
        "aarch64-linux": {
          "outputs": [
            {
              "name": "out",
              "path": "/nix/store/l8r8i1n9143s2wr82cjkp5is5lzwxym1-elm-0.19.1",
              "default": true
            },
            {
              "name": "doc",
              "path": "/nix/store/w3c1wzi8yj1b4hc80x3vlzhlxvmzb35x-elm-0.19.1-doc"
            }
          ],
          "store_path": "/nix/store/l8r8i1n9143s2wr82cjkp5is5lzwxym1-elm-0.19.1"
        },
        "x86_64-darwin": {
          "outputs": [
            {
              "name": "out",
              "path": "/nix/store/57b4fcq4yapv9sw5xagnfbf4jcq77i20-elm-0.19.1",
              "default": true
            },
            {
              "name": "doc",
              "path": "/nix/store/zbv5s1mv9m7bdq5yv2h4kbvq6hlgb5ly-elm-0.19.1-doc"
            }
          ],
          "store_path": "/nix/store/57b4fcq4yapv9sw5xagnfbf4jcq77i20-elm-0.19.1"
        },
        "x86_64-linux": {
          "outputs": [
            {
              "name": "out",
              "path": "/nix/store/07nnh4j932kgqg4p2x72ydg6n58i291v-elm-0.19.1",
              "default": true
            },
            {
              "name": "doc",
              "path": "/nix/store/fkvbwvkca2cz81jsmps793qlwvvi0gzj-elm-0.19.1-doc"
            }
          ],
          "store_path": "/nix/store/07nnh4j932kgqg4p2x72ydg6n58i291v-elm-0.19.1"
        }
      }
    },
    "github:NixOS/nixpkgs/nixpkgs-unstable": {
      "last_modified": "2025-08-04T20:54:38Z",
      "resolved": "github:NixOS/nixpkgs/cab778239e705082fe97bb4990e0d24c50924c04?lastModified=1754340878&narHash=sha256-lgmUyVQL9tSnvvIvBp7x1euhkkCho7n3TMzgjdvgPoU%3D"
    }
  }
}
